// !$*UTF8*$!
{
	archiveVersion = 1;
	classes = {
	};
	objectVersion = 46;
	objects = {

/* Begin PBXBuildFile section */
		0432E73619E33F3300D4844D /* main.m in Sources */ = {isa = PBXBuildFile; fileRef = 0432E73519E33F3300D4844D /* main.m */; };
		0432E73919E33F3300D4844D /* AppDelegate.m in Sources */ = {isa = PBXBuildFile; fileRef = 0432E73819E33F3300D4844D /* AppDelegate.m */; };
		0432E73F19E33F3300D4844D /* Main.storyboard in Resources */ = {isa = PBXBuildFile; fileRef = 0432E73D19E33F3300D4844D /* Main.storyboard */; };
		0432E74119E33F3300D4844D /* Images.xcassets in Resources */ = {isa = PBXBuildFile; fileRef = 0432E74019E33F3300D4844D /* Images.xcassets */; };
		0432E74419E33F3300D4844D /* LaunchScreen.xib in Resources */ = {isa = PBXBuildFile; fileRef = 0432E74219E33F3300D4844D /* LaunchScreen.xib */; };
		0432E75019E33F3300D4844D /* RibbitTests.m in Sources */ = {isa = PBXBuildFile; fileRef = 0432E74F19E33F3300D4844D /* RibbitTests.m */; };
		0432E75F19E3418100D4844D /* camera.png in Resources */ = {isa = PBXBuildFile; fileRef = 0432E75919E3418100D4844D /* camera.png */; };
		0432E76019E3418100D4844D /* camera@2x.png in Resources */ = {isa = PBXBuildFile; fileRef = 0432E75A19E3418100D4844D /* camera@2x.png */; };
		0432E76119E3418100D4844D /* friends.png in Resources */ = {isa = PBXBuildFile; fileRef = 0432E75B19E3418100D4844D /* friends.png */; };
		0432E76219E3418100D4844D /* friends@2x.png in Resources */ = {isa = PBXBuildFile; fileRef = 0432E75C19E3418100D4844D /* friends@2x.png */; };
		0432E76319E3418100D4844D /* inbox.png in Resources */ = {isa = PBXBuildFile; fileRef = 0432E75D19E3418100D4844D /* inbox.png */; };
		0432E76419E3418100D4844D /* inbox@2x.png in Resources */ = {isa = PBXBuildFile; fileRef = 0432E75E19E3418100D4844D /* inbox@2x.png */; };
		0432E76819E3568700D4844D /* InboxViewController.m in Sources */ = {isa = PBXBuildFile; fileRef = 0432E76719E3568700D4844D /* InboxViewController.m */; };
		04BBFFB919EDCA3E0056B5C7 /* EditFriendsTableViewController.m in Sources */ = {isa = PBXBuildFile; fileRef = 04BBFFB819EDCA3E0056B5C7 /* EditFriendsTableViewController.m */; };
		04BBFFBF19EEE7790056B5C7 /* FriendsViewController.m in Sources */ = {isa = PBXBuildFile; fileRef = 04BBFFBE19EEE7790056B5C7 /* FriendsViewController.m */; };
		04BC9AEE19E45CFD00EB0590 /* Bolts.framework in Frameworks */ = {isa = PBXBuildFile; fileRef = 04BC9AEC19E45CFC00EB0590 /* Bolts.framework */; };
		04BC9AEF19E45CFD00EB0590 /* Parse.framework in Frameworks */ = {isa = PBXBuildFile; fileRef = 04BC9AED19E45CFD00EB0590 /* Parse.framework */; };
		04BC9AFA19E45D7700EB0590 /* AudioToolbox.framework in Frameworks */ = {isa = PBXBuildFile; fileRef = 04BC9AF019E45D7700EB0590 /* AudioToolbox.framework */; };
		04BC9AFB19E45D7700EB0590 /* CFNetwork.framework in Frameworks */ = {isa = PBXBuildFile; fileRef = 04BC9AF119E45D7700EB0590 /* CFNetwork.framework */; };
		04BC9AFC19E45D7700EB0590 /* CoreGraphics.framework in Frameworks */ = {isa = PBXBuildFile; fileRef = 04BC9AF219E45D7700EB0590 /* CoreGraphics.framework */; };
		04BC9AFD19E45D7700EB0590 /* CoreLocation.framework in Frameworks */ = {isa = PBXBuildFile; fileRef = 04BC9AF319E45D7700EB0590 /* CoreLocation.framework */; };
		04BC9AFE19E45D7700EB0590 /* libz.dylib in Frameworks */ = {isa = PBXBuildFile; fileRef = 04BC9AF419E45D7700EB0590 /* libz.dylib */; };
		04BC9AFF19E45D7700EB0590 /* MobileCoreServices.framework in Frameworks */ = {isa = PBXBuildFile; fileRef = 04BC9AF519E45D7700EB0590 /* MobileCoreServices.framework */; };
		04BC9B0019E45D7700EB0590 /* QuartzCore.framework in Frameworks */ = {isa = PBXBuildFile; fileRef = 04BC9AF619E45D7700EB0590 /* QuartzCore.framework */; };
		04BC9B0119E45D7700EB0590 /* Security.framework in Frameworks */ = {isa = PBXBuildFile; fileRef = 04BC9AF719E45D7700EB0590 /* Security.framework */; };
		04BC9B0219E45D7700EB0590 /* StoreKit.framework in Frameworks */ = {isa = PBXBuildFile; fileRef = 04BC9AF819E45D7700EB0590 /* StoreKit.framework */; };
		04BC9B0319E45D7700EB0590 /* SystemConfiguration.framework in Frameworks */ = {isa = PBXBuildFile; fileRef = 04BC9AF919E45D7700EB0590 /* SystemConfiguration.framework */; };
		04BC9B0619E4625500EB0590 /* LoginViewController.m in Sources */ = {isa = PBXBuildFile; fileRef = 04BC9B0519E4625500EB0590 /* LoginViewController.m */; };
		04BC9B0919E4626100EB0590 /* SignupViewController.m in Sources */ = {isa = PBXBuildFile; fileRef = 04BC9B0819E4626100EB0590 /* SignupViewController.m */; };
		04E88F2819F99B67008036E0 /* icon_image.png in Resources */ = {isa = PBXBuildFile; fileRef = 04E88F2419F99B67008036E0 /* icon_image.png */; };
		04E88F2919F99B67008036E0 /* icon_image@2x.png in Resources */ = {isa = PBXBuildFile; fileRef = 04E88F2519F99B67008036E0 /* icon_image@2x.png */; };
		04E88F2A19F99B67008036E0 /* icon_video.png in Resources */ = {isa = PBXBuildFile; fileRef = 04E88F2619F99B67008036E0 /* icon_video.png */; };
		04E88F2B19F99B67008036E0 /* icon_video@2x.png in Resources */ = {isa = PBXBuildFile; fileRef = 04E88F2719F99B67008036E0 /* icon_video@2x.png */; };
		04FA603719F19B4300DD60B8 /* CameraViewController.m in Sources */ = {isa = PBXBuildFile; fileRef = 04FA603619F19B4300DD60B8 /* CameraViewController.m */; };
/* End PBXBuildFile section */

/* Begin PBXContainerItemProxy section */
		0432E74A19E33F3300D4844D /* PBXContainerItemProxy */ = {
			isa = PBXContainerItemProxy;
			containerPortal = 0432E72819E33F3300D4844D /* Project object */;
			proxyType = 1;
			remoteGlobalIDString = 0432E72F19E33F3300D4844D;
			remoteInfo = Ribbit;
		};
/* End PBXContainerItemProxy section */

/* Begin PBXFileReference section */
		0432E73019E33F3300D4844D /* Ribbit.app */ = {isa = PBXFileReference; explicitFileType = wrapper.application; includeInIndex = 0; path = Ribbit.app; sourceTree = BUILT_PRODUCTS_DIR; };
		0432E73419E33F3300D4844D /* Info.plist */ = {isa = PBXFileReference; lastKnownFileType = text.plist.xml; path = Info.plist; sourceTree = "<group>"; };
		0432E73519E33F3300D4844D /* main.m */ = {isa = PBXFileReference; lastKnownFileType = sourcecode.c.objc; path = main.m; sourceTree = "<group>"; };
		0432E73719E33F3300D4844D /* AppDelegate.h */ = {isa = PBXFileReference; lastKnownFileType = sourcecode.c.h; path = AppDelegate.h; sourceTree = "<group>"; };
		0432E73819E33F3300D4844D /* AppDelegate.m */ = {isa = PBXFileReference; lastKnownFileType = sourcecode.c.objc; path = AppDelegate.m; sourceTree = "<group>"; };
		0432E73E19E33F3300D4844D /* Base */ = {isa = PBXFileReference; lastKnownFileType = file.storyboard; name = Base; path = Base.lproj/Main.storyboard; sourceTree = "<group>"; };
		0432E74019E33F3300D4844D /* Images.xcassets */ = {isa = PBXFileReference; lastKnownFileType = folder.assetcatalog; path = Images.xcassets; sourceTree = "<group>"; };
		0432E74319E33F3300D4844D /* Base */ = {isa = PBXFileReference; lastKnownFileType = file.xib; name = Base; path = Base.lproj/LaunchScreen.xib; sourceTree = "<group>"; };
		0432E74919E33F3300D4844D /* RibbitTests.xctest */ = {isa = PBXFileReference; explicitFileType = wrapper.cfbundle; includeInIndex = 0; path = RibbitTests.xctest; sourceTree = BUILT_PRODUCTS_DIR; };
		0432E74E19E33F3300D4844D /* Info.plist */ = {isa = PBXFileReference; lastKnownFileType = text.plist.xml; path = Info.plist; sourceTree = "<group>"; };
		0432E74F19E33F3300D4844D /* RibbitTests.m */ = {isa = PBXFileReference; lastKnownFileType = sourcecode.c.objc; path = RibbitTests.m; sourceTree = "<group>"; };
		0432E75919E3418100D4844D /* camera.png */ = {isa = PBXFileReference; lastKnownFileType = image.png; path = camera.png; sourceTree = "<group>"; };
		0432E75A19E3418100D4844D /* camera@2x.png */ = {isa = PBXFileReference; lastKnownFileType = image.png; path = "camera@2x.png"; sourceTree = "<group>"; };
		0432E75B19E3418100D4844D /* friends.png */ = {isa = PBXFileReference; lastKnownFileType = image.png; path = friends.png; sourceTree = "<group>"; };
		0432E75C19E3418100D4844D /* friends@2x.png */ = {isa = PBXFileReference; lastKnownFileType = image.png; path = "friends@2x.png"; sourceTree = "<group>"; };
		0432E75D19E3418100D4844D /* inbox.png */ = {isa = PBXFileReference; lastKnownFileType = image.png; path = inbox.png; sourceTree = "<group>"; };
		0432E75E19E3418100D4844D /* inbox@2x.png */ = {isa = PBXFileReference; lastKnownFileType = image.png; path = "inbox@2x.png"; sourceTree = "<group>"; };
		0432E76619E3568700D4844D /* InboxViewController.h */ = {isa = PBXFileReference; fileEncoding = 4; lastKnownFileType = sourcecode.c.h; path = InboxViewController.h; sourceTree = "<group>"; };
		0432E76719E3568700D4844D /* InboxViewController.m */ = {isa = PBXFileReference; fileEncoding = 4; lastKnownFileType = sourcecode.c.objc; path = InboxViewController.m; sourceTree = "<group>"; };
		04BBFFB719EDCA3E0056B5C7 /* EditFriendsTableViewController.h */ = {isa = PBXFileReference; fileEncoding = 4; lastKnownFileType = sourcecode.c.h; name = EditFriendsTableViewController.h; path = ../EditFriendsTableViewController.h; sourceTree = "<group>"; };
		04BBFFB819EDCA3E0056B5C7 /* EditFriendsTableViewController.m */ = {isa = PBXFileReference; fileEncoding = 4; lastKnownFileType = sourcecode.c.objc; name = EditFriendsTableViewController.m; path = ../EditFriendsTableViewController.m; sourceTree = "<group>"; };
		04BBFFBD19EEE7790056B5C7 /* FriendsViewController.h */ = {isa = PBXFileReference; fileEncoding = 4; lastKnownFileType = sourcecode.c.h; path = FriendsViewController.h; sourceTree = "<group>"; };
		04BBFFBE19EEE7790056B5C7 /* FriendsViewController.m */ = {isa = PBXFileReference; fileEncoding = 4; lastKnownFileType = sourcecode.c.objc; path = FriendsViewController.m; sourceTree = "<group>"; };
		04BC9AEC19E45CFC00EB0590 /* Bolts.framework */ = {isa = PBXFileReference; lastKnownFileType = wrapper.framework; name = Bolts.framework; path = Ribbit/Bolts.framework; sourceTree = "<group>"; };
		04BC9AED19E45CFD00EB0590 /* Parse.framework */ = {isa = PBXFileReference; lastKnownFileType = wrapper.framework; name = Parse.framework; path = Ribbit/Parse.framework; sourceTree = "<group>"; };
		04BC9AF019E45D7700EB0590 /* AudioToolbox.framework */ = {isa = PBXFileReference; lastKnownFileType = wrapper.framework; name = AudioToolbox.framework; path = System/Library/Frameworks/AudioToolbox.framework; sourceTree = SDKROOT; };
		04BC9AF119E45D7700EB0590 /* CFNetwork.framework */ = {isa = PBXFileReference; lastKnownFileType = wrapper.framework; name = CFNetwork.framework; path = System/Library/Frameworks/CFNetwork.framework; sourceTree = SDKROOT; };
		04BC9AF219E45D7700EB0590 /* CoreGraphics.framework */ = {isa = PBXFileReference; lastKnownFileType = wrapper.framework; name = CoreGraphics.framework; path = System/Library/Frameworks/CoreGraphics.framework; sourceTree = SDKROOT; };
		04BC9AF319E45D7700EB0590 /* CoreLocation.framework */ = {isa = PBXFileReference; lastKnownFileType = wrapper.framework; name = CoreLocation.framework; path = System/Library/Frameworks/CoreLocation.framework; sourceTree = SDKROOT; };
		04BC9AF419E45D7700EB0590 /* libz.dylib */ = {isa = PBXFileReference; lastKnownFileType = "compiled.mach-o.dylib"; name = libz.dylib; path = usr/lib/libz.dylib; sourceTree = SDKROOT; };
		04BC9AF519E45D7700EB0590 /* MobileCoreServices.framework */ = {isa = PBXFileReference; lastKnownFileType = wrapper.framework; name = MobileCoreServices.framework; path = System/Library/Frameworks/MobileCoreServices.framework; sourceTree = SDKROOT; };
		04BC9AF619E45D7700EB0590 /* QuartzCore.framework */ = {isa = PBXFileReference; lastKnownFileType = wrapper.framework; name = QuartzCore.framework; path = System/Library/Frameworks/QuartzCore.framework; sourceTree = SDKROOT; };
		04BC9AF719E45D7700EB0590 /* Security.framework */ = {isa = PBXFileReference; lastKnownFileType = wrapper.framework; name = Security.framework; path = System/Library/Frameworks/Security.framework; sourceTree = SDKROOT; };
		04BC9AF819E45D7700EB0590 /* StoreKit.framework */ = {isa = PBXFileReference; lastKnownFileType = wrapper.framework; name = StoreKit.framework; path = System/Library/Frameworks/StoreKit.framework; sourceTree = SDKROOT; };
		04BC9AF919E45D7700EB0590 /* SystemConfiguration.framework */ = {isa = PBXFileReference; lastKnownFileType = wrapper.framework; name = SystemConfiguration.framework; path = System/Library/Frameworks/SystemConfiguration.framework; sourceTree = SDKROOT; };
		04BC9B0419E4625500EB0590 /* LoginViewController.h */ = {isa = PBXFileReference; fileEncoding = 4; lastKnownFileType = sourcecode.c.h; path = LoginViewController.h; sourceTree = "<group>"; };
		04BC9B0519E4625500EB0590 /* LoginViewController.m */ = {isa = PBXFileReference; fileEncoding = 4; lastKnownFileType = sourcecode.c.objc; path = LoginViewController.m; sourceTree = "<group>"; };
		04BC9B0719E4626100EB0590 /* SignupViewController.h */ = {isa = PBXFileReference; fileEncoding = 4; lastKnownFileType = sourcecode.c.h; path = SignupViewController.h; sourceTree = "<group>"; };
		04BC9B0819E4626100EB0590 /* SignupViewController.m */ = {isa = PBXFileReference; fileEncoding = 4; lastKnownFileType = sourcecode.c.objc; path = SignupViewController.m; sourceTree = "<group>"; };
		04E88F2419F99B67008036E0 /* icon_image.png */ = {isa = PBXFileReference; lastKnownFileType = image.png; path = icon_image.png; sourceTree = "<group>"; };
		04E88F2519F99B67008036E0 /* icon_image@2x.png */ = {isa = PBXFileReference; lastKnownFileType = image.png; path = "icon_image@2x.png"; sourceTree = "<group>"; };
		04E88F2619F99B67008036E0 /* icon_video.png */ = {isa = PBXFileReference; lastKnownFileType = image.png; path = icon_video.png; sourceTree = "<group>"; };
		04E88F2719F99B67008036E0 /* icon_video@2x.png */ = {isa = PBXFileReference; lastKnownFileType = image.png; path = "icon_video@2x.png"; sourceTree = "<group>"; };
		04FA603519F19B4300DD60B8 /* CameraViewController.h */ = {isa = PBXFileReference; fileEncoding = 4; lastKnownFileType = sourcecode.c.h; path = CameraViewController.h; sourceTree = "<group>"; };
		04FA603619F19B4300DD60B8 /* CameraViewController.m */ = {isa = PBXFileReference; fileEncoding = 4; lastKnownFileType = sourcecode.c.objc; path = CameraViewController.m; sourceTree = "<group>"; };
/* End PBXFileReference section */

/* Begin PBXFrameworksBuildPhase section */
		0432E72D19E33F3300D4844D /* Frameworks */ = {
			isa = PBXFrameworksBuildPhase;
			buildActionMask = 2147483647;
			files = (
				04BC9AFA19E45D7700EB0590 /* AudioToolbox.framework in Frameworks */,
				04BC9AFB19E45D7700EB0590 /* CFNetwork.framework in Frameworks */,
				04BC9AFC19E45D7700EB0590 /* CoreGraphics.framework in Frameworks */,
				04BC9AFD19E45D7700EB0590 /* CoreLocation.framework in Frameworks */,
				04BC9AFE19E45D7700EB0590 /* libz.dylib in Frameworks */,
				04BC9AFF19E45D7700EB0590 /* MobileCoreServices.framework in Frameworks */,
				04BC9B0019E45D7700EB0590 /* QuartzCore.framework in Frameworks */,
				04BC9B0119E45D7700EB0590 /* Security.framework in Frameworks */,
				04BC9B0219E45D7700EB0590 /* StoreKit.framework in Frameworks */,
				04BC9B0319E45D7700EB0590 /* SystemConfiguration.framework in Frameworks */,
				04BC9AEF19E45CFD00EB0590 /* Parse.framework in Frameworks */,
				04BC9AEE19E45CFD00EB0590 /* Bolts.framework in Frameworks */,
			);
			runOnlyForDeploymentPostprocessing = 0;
		};
		0432E74619E33F3300D4844D /* Frameworks */ = {
			isa = PBXFrameworksBuildPhase;
			buildActionMask = 2147483647;
			files = (
			);
			runOnlyForDeploymentPostprocessing = 0;
		};
/* End PBXFrameworksBuildPhase section */

/* Begin PBXGroup section */
		0432E72719E33F3300D4844D = {
			isa = PBXGroup;
			children = (
				04BC9B0A19E4628100EB0590 /* Frameworks */,
				0432E73219E33F3300D4844D /* Ribbit */,
				0432E74C19E33F3300D4844D /* RibbitTests */,
				0432E73119E33F3300D4844D /* Products */,
			);
			sourceTree = "<group>";
		};
		0432E73119E33F3300D4844D /* Products */ = {
			isa = PBXGroup;
			children = (
				0432E73019E33F3300D4844D /* Ribbit.app */,
				0432E74919E33F3300D4844D /* RibbitTests.xctest */,
			);
			name = Products;
			sourceTree = "<group>";
		};
		0432E73219E33F3300D4844D /* Ribbit */ = {
			isa = PBXGroup;
			children = (
				0432E76519E3418E00D4844D /* Images */,
				0432E73719E33F3300D4844D /* AppDelegate.h */,
				0432E73819E33F3300D4844D /* AppDelegate.m */,
				04FA603519F19B4300DD60B8 /* CameraViewController.h */,
				04FA603619F19B4300DD60B8 /* CameraViewController.m */,
				04BBFFB719EDCA3E0056B5C7 /* EditFriendsTableViewController.h */,
				04BBFFB819EDCA3E0056B5C7 /* EditFriendsTableViewController.m */,
				04BBFFBD19EEE7790056B5C7 /* FriendsViewController.h */,
				04BBFFBE19EEE7790056B5C7 /* FriendsViewController.m */,
				0432E76619E3568700D4844D /* InboxViewController.h */,
				0432E76719E3568700D4844D /* InboxViewController.m */,
				0432E74019E33F3300D4844D /* Images.xcassets */,
				0432E74219E33F3300D4844D /* LaunchScreen.xib */,
				04BC9B0419E4625500EB0590 /* LoginViewController.h */,
				04BC9B0519E4625500EB0590 /* LoginViewController.m */,
				0432E73D19E33F3300D4844D /* Main.storyboard */,
				04BC9B0719E4626100EB0590 /* SignupViewController.h */,
				04BC9B0819E4626100EB0590 /* SignupViewController.m */,
				0432E73319E33F3300D4844D /* Supporting Files */,
			);
			path = Ribbit;
			sourceTree = "<group>";
		};
		0432E73319E33F3300D4844D /* Supporting Files */ = {
			isa = PBXGroup;
			children = (
				0432E73419E33F3300D4844D /* Info.plist */,
				0432E73519E33F3300D4844D /* main.m */,
			);
			name = "Supporting Files";
			sourceTree = "<group>";
		};
		0432E74C19E33F3300D4844D /* RibbitTests */ = {
			isa = PBXGroup;
			children = (
				0432E74F19E33F3300D4844D /* RibbitTests.m */,
				0432E74D19E33F3300D4844D /* Supporting Files */,
			);
			path = RibbitTests;
			sourceTree = "<group>";
		};
		0432E74D19E33F3300D4844D /* Supporting Files */ = {
			isa = PBXGroup;
			children = (
				0432E74E19E33F3300D4844D /* Info.plist */,
			);
			name = "Supporting Files";
			sourceTree = "<group>";
		};
		0432E76519E3418E00D4844D /* Images */ = {
			isa = PBXGroup;
			children = (
				04E88F2419F99B67008036E0 /* icon_image.png */,
				04E88F2519F99B67008036E0 /* icon_image@2x.png */,
				04E88F2619F99B67008036E0 /* icon_video.png */,
				04E88F2719F99B67008036E0 /* icon_video@2x.png */,
				0432E75919E3418100D4844D /* camera.png */,
				0432E75A19E3418100D4844D /* camera@2x.png */,
				0432E75B19E3418100D4844D /* friends.png */,
				0432E75C19E3418100D4844D /* friends@2x.png */,
				0432E75D19E3418100D4844D /* inbox.png */,
				0432E75E19E3418100D4844D /* inbox@2x.png */,
			);
			name = Images;
			sourceTree = "<group>";
		};
		04BC9B0A19E4628100EB0590 /* Frameworks */ = {
			isa = PBXGroup;
			children = (
				04BC9AEC19E45CFC00EB0590 /* Bolts.framework */,
				04BC9AED19E45CFD00EB0590 /* Parse.framework */,
				04BC9AF019E45D7700EB0590 /* AudioToolbox.framework */,
				04BC9AF119E45D7700EB0590 /* CFNetwork.framework */,
				04BC9AF219E45D7700EB0590 /* CoreGraphics.framework */,
				04BC9AF319E45D7700EB0590 /* CoreLocation.framework */,
				04BC9AF419E45D7700EB0590 /* libz.dylib */,
				04BC9AF519E45D7700EB0590 /* MobileCoreServices.framework */,
				04BC9AF619E45D7700EB0590 /* QuartzCore.framework */,
				04BC9AF719E45D7700EB0590 /* Security.framework */,
				04BC9AF819E45D7700EB0590 /* StoreKit.framework */,
				04BC9AF919E45D7700EB0590 /* SystemConfiguration.framework */,
			);
			name = Frameworks;
			sourceTree = "<group>";
		};
/* End PBXGroup section */

/* Begin PBXNativeTarget section */
		0432E72F19E33F3300D4844D /* Ribbit */ = {
			isa = PBXNativeTarget;
			buildConfigurationList = 0432E75319E33F3300D4844D /* Build configuration list for PBXNativeTarget "Ribbit" */;
			buildPhases = (
				0432E72C19E33F3300D4844D /* Sources */,
				0432E72D19E33F3300D4844D /* Frameworks */,
				0432E72E19E33F3300D4844D /* Resources */,
			);
			buildRules = (
			);
			dependencies = (
			);
			name = Ribbit;
			productName = Ribbit;
			productReference = 0432E73019E33F3300D4844D /* Ribbit.app */;
			productType = "com.apple.product-type.application";
		};
		0432E74819E33F3300D4844D /* RibbitTests */ = {
			isa = PBXNativeTarget;
			buildConfigurationList = 0432E75619E33F3300D4844D /* Build configuration list for PBXNativeTarget "RibbitTests" */;
			buildPhases = (
				0432E74519E33F3300D4844D /* Sources */,
				0432E74619E33F3300D4844D /* Frameworks */,
				0432E74719E33F3300D4844D /* Resources */,
			);
			buildRules = (
			);
			dependencies = (
				0432E74B19E33F3300D4844D /* PBXTargetDependency */,
			);
			name = RibbitTests;
			productName = RibbitTests;
			productReference = 0432E74919E33F3300D4844D /* RibbitTests.xctest */;
			productType = "com.apple.product-type.bundle.unit-test";
		};
/* End PBXNativeTarget section */

/* Begin PBXProject section */
		0432E72819E33F3300D4844D /* Project object */ = {
			isa = PBXProject;
			attributes = {
				LastUpgradeCheck = 0600;
				ORGANIZATIONNAME = "Michael Liquori";
				TargetAttributes = {
					0432E72F19E33F3300D4844D = {
						CreatedOnToolsVersion = 6.0.1;
					};
					0432E74819E33F3300D4844D = {
						CreatedOnToolsVersion = 6.0.1;
						TestTargetID = 0432E72F19E33F3300D4844D;
					};
				};
			};
			buildConfigurationList = 0432E72B19E33F3300D4844D /* Build configuration list for PBXProject "Ribbit" */;
			compatibilityVersion = "Xcode 3.2";
			developmentRegion = English;
			hasScannedForEncodings = 0;
			knownRegions = (
				en,
				Base,
			);
			mainGroup = 0432E72719E33F3300D4844D;
			productRefGroup = 0432E73119E33F3300D4844D /* Products */;
			projectDirPath = "";
			projectRoot = "";
			targets = (
				0432E72F19E33F3300D4844D /* Ribbit */,
				0432E74819E33F3300D4844D /* RibbitTests */,
			);
		};
/* End PBXProject section */

/* Begin PBXResourcesBuildPhase section */
		0432E72E19E33F3300D4844D /* Resources */ = {
			isa = PBXResourcesBuildPhase;
			buildActionMask = 2147483647;
			files = (
				04E88F2A19F99B67008036E0 /* icon_video.png in Resources */,
				0432E73F19E33F3300D4844D /* Main.storyboard in Resources */,
				0432E76119E3418100D4844D /* friends.png in Resources */,
				04E88F2819F99B67008036E0 /* icon_image.png in Resources */,
				0432E76219E3418100D4844D /* friends@2x.png in Resources */,
				0432E76019E3418100D4844D /* camera@2x.png in Resources */,
				0432E76319E3418100D4844D /* inbox.png in Resources */,
				0432E74419E33F3300D4844D /* LaunchScreen.xib in Resources */,
				04E88F2919F99B67008036E0 /* icon_image@2x.png in Resources */,
				0432E75F19E3418100D4844D /* camera.png in Resources */,
				0432E74119E33F3300D4844D /* Images.xcassets in Resources */,
				0432E76419E3418100D4844D /* inbox@2x.png in Resources */,
				04E88F2B19F99B67008036E0 /* icon_video@2x.png in Resources */,
			);
			runOnlyForDeploymentPostprocessing = 0;
		};
		0432E74719E33F3300D4844D /* Resources */ = {
			isa = PBXResourcesBuildPhase;
			buildActionMask = 2147483647;
			files = (
			);
			runOnlyForDeploymentPostprocessing = 0;
		};
/* End PBXResourcesBuildPhase section */

/* Begin PBXSourcesBuildPhase section */
		0432E72C19E33F3300D4844D /* Sources */ = {
			isa = PBXSourcesBuildPhase;
			buildActionMask = 2147483647;
			files = (
				04BC9B0619E4625500EB0590 /* LoginViewController.m in Sources */,
				04FA603719F19B4300DD60B8 /* CameraViewController.m in Sources */,
				0432E73919E33F3300D4844D /* AppDelegate.m in Sources */,
				04BBFFBF19EEE7790056B5C7 /* FriendsViewController.m in Sources */,
				04BBFFB919EDCA3E0056B5C7 /* EditFriendsTableViewController.m in Sources */,
				0432E73619E33F3300D4844D /* main.m in Sources */,
				0432E76819E3568700D4844D /* InboxViewController.m in Sources */,
				04BC9B0919E4626100EB0590 /* SignupViewController.m in Sources */,
			);
			runOnlyForDeploymentPostprocessing = 0;
		};
		0432E74519E33F3300D4844D /* Sources */ = {
			isa = PBXSourcesBuildPhase;
			buildActionMask = 2147483647;
			files = (
				0432E75019E33F3300D4844D /* RibbitTests.m in Sources */,
			);
			runOnlyForDeploymentPostprocessing = 0;
		};
/* End PBXSourcesBuildPhase section */

/* Begin PBXTargetDependency section */
		0432E74B19E33F3300D4844D /* PBXTargetDependency */ = {
			isa = PBXTargetDependency;
			target = 0432E72F19E33F3300D4844D /* Ribbit */;
			targetProxy = 0432E74A19E33F3300D4844D /* PBXContainerItemProxy */;
		};
/* End PBXTargetDependency section */

/* Begin PBXVariantGroup section */
		0432E73D19E33F3300D4844D /* Main.storyboard */ = {
			isa = PBXVariantGroup;
			children = (
				0432E73E19E33F3300D4844D /* Base */,
			);
			name = Main.storyboard;
			sourceTree = "<group>";
		};
		0432E74219E33F3300D4844D /* LaunchScreen.xib */ = {
			isa = PBXVariantGroup;
			children = (
				0432E74319E33F3300D4844D /* Base */,
			);
			name = LaunchScreen.xib;
			sourceTree = "<group>";
		};
/* End PBXVariantGroup section */

/* Begin XCBuildConfiguration section */
		0432E75119E33F3300D4844D /* Debug */ = {
			isa = XCBuildConfiguration;
			buildSettings = {
				ALWAYS_SEARCH_USER_PATHS = NO;
				CLANG_CXX_LANGUAGE_STANDARD = "gnu++0x";
				CLANG_CXX_LIBRARY = "libc++";
				CLANG_ENABLE_MODULES = YES;
				CLANG_ENABLE_OBJC_ARC = YES;
				CLANG_WARN_BOOL_CONVERSION = YES;
				CLANG_WARN_CONSTANT_CONVERSION = YES;
				CLANG_WARN_DIRECT_OBJC_ISA_USAGE = YES_ERROR;
				CLANG_WARN_EMPTY_BODY = YES;
				CLANG_WARN_ENUM_CONVERSION = YES;
				CLANG_WARN_INT_CONVERSION = YES;
				CLANG_WARN_OBJC_ROOT_CLASS = YES_ERROR;
				CLANG_WARN_UNREACHABLE_CODE = YES;
				CLANG_WARN__DUPLICATE_METHOD_MATCH = YES;
				"CODE_SIGN_IDENTITY[sdk=iphoneos*]" = "iPhone Developer";
				COPY_PHASE_STRIP = NO;
				ENABLE_STRICT_OBJC_MSGSEND = YES;
				GCC_C_LANGUAGE_STANDARD = gnu99;
				GCC_DYNAMIC_NO_PIC = NO;
				GCC_OPTIMIZATION_LEVEL = 0;
				GCC_PREPROCESSOR_DEFINITIONS = (
					"DEBUG=1",
					"$(inherited)",
				);
				GCC_SYMBOLS_PRIVATE_EXTERN = NO;
				GCC_WARN_64_TO_32_BIT_CONVERSION = YES;
				GCC_WARN_ABOUT_RETURN_TYPE = YES_ERROR;
				GCC_WARN_UNDECLARED_SELECTOR = YES;
				GCC_WARN_UNINITIALIZED_AUTOS = YES_AGGRESSIVE;
				GCC_WARN_UNUSED_FUNCTION = YES;
				GCC_WARN_UNUSED_VARIABLE = YES;
				IPHONEOS_DEPLOYMENT_TARGET = 8.0;
				MTL_ENABLE_DEBUG_INFO = YES;
				ONLY_ACTIVE_ARCH = YES;
				SDKROOT = iphoneos;
			};
			name = Debug;
		};
		0432E75219E33F3300D4844D /* Release */ = {
			isa = XCBuildConfiguration;
			buildSettings = {
				ALWAYS_SEARCH_USER_PATHS = NO;
				CLANG_CXX_LANGUAGE_STANDARD = "gnu++0x";
				CLANG_CXX_LIBRARY = "libc++";
				CLANG_ENABLE_MODULES = YES;
				CLANG_ENABLE_OBJC_ARC = YES;
				CLANG_WARN_BOOL_CONVERSION = YES;
				CLANG_WARN_CONSTANT_CONVERSION = YES;
				CLANG_WARN_DIRECT_OBJC_ISA_USAGE = YES_ERROR;
				CLANG_WARN_EMPTY_BODY = YES;
				CLANG_WARN_ENUM_CONVERSION = YES;
				CLANG_WARN_INT_CONVERSION = YES;
				CLANG_WARN_OBJC_ROOT_CLASS = YES_ERROR;
				CLANG_WARN_UNREACHABLE_CODE = YES;
				CLANG_WARN__DUPLICATE_METHOD_MATCH = YES;
				"CODE_SIGN_IDENTITY[sdk=iphoneos*]" = "iPhone Developer";
				COPY_PHASE_STRIP = YES;
				ENABLE_NS_ASSERTIONS = NO;
				ENABLE_STRICT_OBJC_MSGSEND = YES;
				GCC_C_LANGUAGE_STANDARD = gnu99;
				GCC_WARN_64_TO_32_BIT_CONVERSION = YES;
				GCC_WARN_ABOUT_RETURN_TYPE = YES_ERROR;
				GCC_WARN_UNDECLARED_SELECTOR = YES;
				GCC_WARN_UNINITIALIZED_AUTOS = YES_AGGRESSIVE;
				GCC_WARN_UNUSED_FUNCTION = YES;
				GCC_WARN_UNUSED_VARIABLE = YES;
				IPHONEOS_DEPLOYMENT_TARGET = 8.0;
				MTL_ENABLE_DEBUG_INFO = NO;
				SDKROOT = iphoneos;
				VALIDATE_PRODUCT = YES;
			};
			name = Release;
		};
		0432E75419E33F3300D4844D /* Debug */ = {
			isa = XCBuildConfiguration;
			buildSettings = {
				ASSETCATALOG_COMPILER_APPICON_NAME = AppIcon;
				FRAMEWORK_SEARCH_PATHS = (
					"$(inherited)",
					"$(PROJECT_DIR)/Ribbit",
				);
				INFOPLIST_FILE = Ribbit/Info.plist;
				LD_RUNPATH_SEARCH_PATHS = "$(inherited) @executable_path/Frameworks";
				PRODUCT_NAME = "$(TARGET_NAME)";
			};
			name = Debug;
		};
		0432E75519E33F3300D4844D /* Release */ = {
			isa = XCBuildConfiguration;
			buildSettings = {
				ASSETCATALOG_COMPILER_APPICON_NAME = AppIcon;
				FRAMEWORK_SEARCH_PATHS = (
					"$(inherited)",
					"$(PROJECT_DIR)/Ribbit",
				);
				INFOPLIST_FILE = Ribbit/Info.plist;
				LD_RUNPATH_SEARCH_PATHS = "$(inherited) @executable_path/Frameworks";
				PRODUCT_NAME = "$(TARGET_NAME)";
			};
			name = Release;
		};
		0432E75719E33F3300D4844D /* Debug */ = {
			isa = XCBuildConfiguration;
			buildSettings = {
				BUNDLE_LOADER = "$(TEST_HOST)";
				FRAMEWORK_SEARCH_PATHS = (
					"$(SDKROOT)/Developer/Library/Frameworks",
					"$(inherited)",
				);
				GCC_PREPROCESSOR_DEFINITIONS = (
					"DEBUG=1",
					"$(inherited)",
				);
				INFOPLIST_FILE = RibbitTests/Info.plist;
				LD_RUNPATH_SEARCH_PATHS = "$(inherited) @executable_path/Frameworks @loader_path/Frameworks";
				PRODUCT_NAME = "$(TARGET_NAME)";
				TEST_HOST = "$(BUILT_PRODUCTS_DIR)/Ribbit.app/Ribbit";
			};
			name = Debug;
		};
		0432E75819E33F3300D4844D /* Release */ = {
			isa = XCBuildConfiguration;
			buildSettings = {
				BUNDLE_LOADER = "$(TEST_HOST)";
				FRAMEWORK_SEARCH_PATHS = (
					"$(SDKROOT)/Developer/Library/Frameworks",
					"$(inherited)",
				);
				INFOPLIST_FILE = RibbitTests/Info.plist;
				LD_RUNPATH_SEARCH_PATHS = "$(inherited) @executable_path/Frameworks @loader_path/Frameworks";
				PRODUCT_NAME = "$(TARGET_NAME)";
				TEST_HOST = "$(BUILT_PRODUCTS_DIR)/Ribbit.app/Ribbit";
			};
			name = Release;
		};
/* End XCBuildConfiguration section */

/* Begin XCConfigurationList section */
		0432E72B19E33F3300D4844D /* Build configuration list for PBXProject "Ribbit" */ = {
			isa = XCConfigurationList;
			buildConfigurations = (
				0432E75119E33F3300D4844D /* Debug */,
				0432E75219E33F3300D4844D /* Release */,
			);
			defaultConfigurationIsVisible = 0;
			defaultConfigurationName = Release;
		};
		0432E75319E33F3300D4844D /* Build configuration list for PBXNativeTarget "Ribbit" */ = {
			isa = XCConfigurationList;
			buildConfigurations = (
				0432E75419E33F3300D4844D /* Debug */,
				0432E75519E33F3300D4844D /* Release */,
			);
			defaultConfigurationIsVisible = 0;
			defaultConfigurationName = Release;
		};
		0432E75619E33F3300D4844D /* Build configuration list for PBXNativeTarget "RibbitTests" */ = {
			isa = XCConfigurationList;
			buildConfigurations = (
				0432E75719E33F3300D4844D /* Debug */,
				0432E75819E33F3300D4844D /* Release */,
			);
			defaultConfigurationIsVisible = 0;
			defaultConfigurationName = Release;
		};
/* End XCConfigurationList section */
	};
	rootObject = 0432E72819E33F3300D4844D /* Project object */;
}
